// !$*UTF8*$!
{
	archiveVersion = 1;
	classes = {
	};
	objectVersion = 56;
	objects = {

/* Begin PBXBuildFile section */
		81039EE22A9FCFF600B7F29C /* HomeScreen_UITests.swift in Sources */ = {isa = PBXBuildFile; fileRef = 81039EE12A9FCFF600B7F29C /* HomeScreen_UITests.swift */; };
		81039EE42A9FCFF600B7F29C /* News_Cools_UITestsLaunchTests.swift in Sources */ = {isa = PBXBuildFile; fileRef = 81039EE32A9FCFF600B7F29C /* News_Cools_UITestsLaunchTests.swift */; };
		81039EED2A9FDD5C00B7F29C /* HttpClient.swift in Sources */ = {isa = PBXBuildFile; fileRef = 81039EEC2A9FDD5C00B7F29C /* HttpClient.swift */; };
		81039EF12A9FE3FC00B7F29C /* TopArticles.json in Resources */ = {isa = PBXBuildFile; fileRef = 81039EF02A9FE3FC00B7F29C /* TopArticles.json */; };
		81039EF62A9FF17C00B7F29C /* TopArticlesModel.swift in Sources */ = {isa = PBXBuildFile; fileRef = 81CA118F2A9D49FF00CBD092 /* TopArticlesModel.swift */; };
		81039EF72A9FF18300B7F29C /* HttpClient.swift in Sources */ = {isa = PBXBuildFile; fileRef = 81039EEC2A9FDD5C00B7F29C /* HttpClient.swift */; };
		81039EFA2AA0103200B7F29C /* StoreTopArticles.swift in Sources */ = {isa = PBXBuildFile; fileRef = 81039EF92AA0103200B7F29C /* StoreTopArticles.swift */; };
		81039EFB2AA0103900B7F29C /* StoreTopArticles.swift in Sources */ = {isa = PBXBuildFile; fileRef = 81039EF92AA0103200B7F29C /* StoreTopArticles.swift */; };
		81039EFD2AA0111C00B7F29C /* LoadingState.swift in Sources */ = {isa = PBXBuildFile; fileRef = 81039EFC2AA0111C00B7F29C /* LoadingState.swift */; };
		811D8A2A2AA0A56800FDFBA5 /* ArticlesIdentifiableModel.swift in Sources */ = {isa = PBXBuildFile; fileRef = 811D8A292AA0A56800FDFBA5 /* ArticlesIdentifiableModel.swift */; };
		811D8A2B2AA0AAA200FDFBA5 /* ArticlesIdentifiableModel.swift in Sources */ = {isa = PBXBuildFile; fileRef = 811D8A292AA0A56800FDFBA5 /* ArticlesIdentifiableModel.swift */; };
		8120FBF02A9F662F0016F335 /* RedactAndShimerView.swift in Sources */ = {isa = PBXBuildFile; fileRef = 8120FBEF2A9F662F0016F335 /* RedactAndShimerView.swift */; };
		8120FBF22A9F66F10016F335 /* Shimmer.swift in Sources */ = {isa = PBXBuildFile; fileRef = 8120FBF12A9F66F10016F335 /* Shimmer.swift */; };
		8120FBF42A9F67540016F335 /* PlaceHolders.swift in Sources */ = {isa = PBXBuildFile; fileRef = 8120FBF32A9F67540016F335 /* PlaceHolders.swift */; };
		8120FBF62A9F6B600016F335 /* RowToCategories.swift in Sources */ = {isa = PBXBuildFile; fileRef = 8120FBF52A9F6B600016F335 /* RowToCategories.swift */; };
		81AF122A2A9E0610007DE143 /* FontWithLineHeight.swift in Sources */ = {isa = PBXBuildFile; fileRef = 81AF12292A9E0610007DE143 /* FontWithLineHeight.swift */; };
		81AF122F2A9E172C007DE143 /* listCategoriesMock.swift in Sources */ = {isa = PBXBuildFile; fileRef = 81AF122E2A9E172C007DE143 /* listCategoriesMock.swift */; };
		81AF12312A9E1851007DE143 /* Constants.swift in Sources */ = {isa = PBXBuildFile; fileRef = 81AF12302A9E1851007DE143 /* Constants.swift */; };
		81AF12332A9E1918007DE143 /* ExploreModel.swift in Sources */ = {isa = PBXBuildFile; fileRef = 81AF12322A9E1918007DE143 /* ExploreModel.swift */; };
		81B7AE782A9E022500B4AC9F /* RowToArticles.swift in Sources */ = {isa = PBXBuildFile; fileRef = 81B7AE772A9E022500B4AC9F /* RowToArticles.swift */; };
		81C067AA2A9D3BC100869C68 /* News_CoolsApp.swift in Sources */ = {isa = PBXBuildFile; fileRef = 81C067A92A9D3BC100869C68 /* News_CoolsApp.swift */; };
		81C067AC2A9D3BC100869C68 /* HomeScreen.swift in Sources */ = {isa = PBXBuildFile; fileRef = 81C067AB2A9D3BC100869C68 /* HomeScreen.swift */; };
		81C067AE2A9D3BC200869C68 /* Assets.xcassets in Resources */ = {isa = PBXBuildFile; fileRef = 81C067AD2A9D3BC200869C68 /* Assets.xcassets */; };
		81C067B12A9D3BC200869C68 /* Preview Assets.xcassets in Resources */ = {isa = PBXBuildFile; fileRef = 81C067B02A9D3BC200869C68 /* Preview Assets.xcassets */; };
		81CA116E2A9D43DC00CBD092 /* Colors.swift in Sources */ = {isa = PBXBuildFile; fileRef = 81CA116D2A9D43DC00CBD092 /* Colors.swift */; };
		81CA117C2A9D452600CBD092 /* Roboto-ThinItalic.ttf in Resources */ = {isa = PBXBuildFile; fileRef = 81CA11702A9D452600CBD092 /* Roboto-ThinItalic.ttf */; };
		81CA117D2A9D452600CBD092 /* Roboto-Light.ttf in Resources */ = {isa = PBXBuildFile; fileRef = 81CA11712A9D452600CBD092 /* Roboto-Light.ttf */; };
		81CA117E2A9D452600CBD092 /* Roboto-Bold.ttf in Resources */ = {isa = PBXBuildFile; fileRef = 81CA11722A9D452600CBD092 /* Roboto-Bold.ttf */; };
		81CA117F2A9D452600CBD092 /* Roboto-Italic.ttf in Resources */ = {isa = PBXBuildFile; fileRef = 81CA11732A9D452600CBD092 /* Roboto-Italic.ttf */; };
		81CA11802A9D452600CBD092 /* Roboto-Black.ttf in Resources */ = {isa = PBXBuildFile; fileRef = 81CA11742A9D452600CBD092 /* Roboto-Black.ttf */; };
		81CA11812A9D452600CBD092 /* Roboto-BoldItalic.ttf in Resources */ = {isa = PBXBuildFile; fileRef = 81CA11752A9D452600CBD092 /* Roboto-BoldItalic.ttf */; };
		81CA11822A9D452600CBD092 /* Roboto-BlackItalic.ttf in Resources */ = {isa = PBXBuildFile; fileRef = 81CA11762A9D452600CBD092 /* Roboto-BlackItalic.ttf */; };
		81CA11832A9D452600CBD092 /* Roboto-LightItalic.ttf in Resources */ = {isa = PBXBuildFile; fileRef = 81CA11772A9D452600CBD092 /* Roboto-LightItalic.ttf */; };
		81CA11842A9D452600CBD092 /* Roboto-Medium.ttf in Resources */ = {isa = PBXBuildFile; fileRef = 81CA11782A9D452600CBD092 /* Roboto-Medium.ttf */; };
		81CA11852A9D452600CBD092 /* Roboto-MediumItalic.ttf in Resources */ = {isa = PBXBuildFile; fileRef = 81CA11792A9D452600CBD092 /* Roboto-MediumItalic.ttf */; };
		81CA11862A9D452600CBD092 /* Roboto-Regular.ttf in Resources */ = {isa = PBXBuildFile; fileRef = 81CA117A2A9D452600CBD092 /* Roboto-Regular.ttf */; };
		81CA11872A9D452600CBD092 /* Roboto-Thin.ttf in Resources */ = {isa = PBXBuildFile; fileRef = 81CA117B2A9D452600CBD092 /* Roboto-Thin.ttf */; };
		81CA118A2A9D45DD00CBD092 /* Fonts.swift in Sources */ = {isa = PBXBuildFile; fileRef = 81CA11892A9D45DD00CBD092 /* Fonts.swift */; };
		81CA11902A9D49FF00CBD092 /* TopArticlesModel.swift in Sources */ = {isa = PBXBuildFile; fileRef = 81CA118F2A9D49FF00CBD092 /* TopArticlesModel.swift */; };
		81CA11932A9D4B2500CBD092 /* topArticlesMock.swift in Sources */ = {isa = PBXBuildFile; fileRef = 81CA11922A9D4B2500CBD092 /* topArticlesMock.swift */; };
		81CAC3732AA208B8000B8C12 /* HttpClientFactory.swift in Sources */ = {isa = PBXBuildFile; fileRef = 81CAC3722AA208B8000B8C12 /* HttpClientFactory.swift */; };
		81CAC3742AA208E4000B8C12 /* HttpClientFactory.swift in Sources */ = {isa = PBXBuildFile; fileRef = 81CAC3722AA208B8000B8C12 /* HttpClientFactory.swift */; };
		81CAC3772AA20B2A000B8C12 /* TopArticles.json in Resources */ = {isa = PBXBuildFile; fileRef = 81039EF02A9FE3FC00B7F29C /* TopArticles.json */; };
		81CAC37B2AA21653000B8C12 /* HttpProtocolMock.swift in Sources */ = {isa = PBXBuildFile; fileRef = 81CAC37A2AA21653000B8C12 /* HttpProtocolMock.swift */; };
		81CAC37D2AA216D5000B8C12 /* Mockable.swift in Sources */ = {isa = PBXBuildFile; fileRef = 81CAC37C2AA216D5000B8C12 /* Mockable.swift */; };
		81CAC37F2AA21825000B8C12 /* HttpClientProtocol.swift in Sources */ = {isa = PBXBuildFile; fileRef = 81CAC37E2AA21825000B8C12 /* HttpClientProtocol.swift */; };
		81CAC3802AA219C1000B8C12 /* HttpClientProtocol.swift in Sources */ = {isa = PBXBuildFile; fileRef = 81CAC37E2AA21825000B8C12 /* HttpClientProtocol.swift */; };
		81CAC3822AA219EF000B8C12 /* TopArticlesServices.swift in Sources */ = {isa = PBXBuildFile; fileRef = 81CAC3812AA219EF000B8C12 /* TopArticlesServices.swift */; };
		81CAC3832AA21B38000B8C12 /* HttpProtocolMock.swift in Sources */ = {isa = PBXBuildFile; fileRef = 81CAC37A2AA21653000B8C12 /* HttpProtocolMock.swift */; };
		81CAC3842AA21B4F000B8C12 /* Mockable.swift in Sources */ = {isa = PBXBuildFile; fileRef = 81CAC37C2AA216D5000B8C12 /* Mockable.swift */; };
		81CAC3862AA21ECB000B8C12 /* TopArticlesServices.swift in Sources */ = {isa = PBXBuildFile; fileRef = 81CAC3812AA219EF000B8C12 /* TopArticlesServices.swift */; };
		81CD133A2AA02337001F1855 /* LoadingState.swift in Sources */ = {isa = PBXBuildFile; fileRef = 81039EFC2AA0111C00B7F29C /* LoadingState.swift */; };
/* End PBXBuildFile section */

/* Begin PBXContainerItemProxy section */
		81039EE52A9FCFF600B7F29C /* PBXContainerItemProxy */ = {
			isa = PBXContainerItemProxy;
			containerPortal = 81C0679E2A9D3BC100869C68 /* Project object */;
			proxyType = 1;
			remoteGlobalIDString = 81C067A52A9D3BC100869C68;
			remoteInfo = "News Cools";
		};
/* End PBXContainerItemProxy section */

/* Begin PBXFileReference section */
		81039EDF2A9FCFF600B7F29C /* News Cools_UITests.xctest */ = {isa = PBXFileReference; explicitFileType = wrapper.cfbundle; includeInIndex = 0; path = "News Cools_UITests.xctest"; sourceTree = BUILT_PRODUCTS_DIR; };
		81039EE12A9FCFF600B7F29C /* HomeScreen_UITests.swift */ = {isa = PBXFileReference; lastKnownFileType = sourcecode.swift; path = HomeScreen_UITests.swift; sourceTree = "<group>"; };
		81039EE32A9FCFF600B7F29C /* News_Cools_UITestsLaunchTests.swift */ = {isa = PBXFileReference; lastKnownFileType = sourcecode.swift; path = News_Cools_UITestsLaunchTests.swift; sourceTree = "<group>"; };
		81039EEC2A9FDD5C00B7F29C /* HttpClient.swift */ = {isa = PBXFileReference; lastKnownFileType = sourcecode.swift; path = HttpClient.swift; sourceTree = "<group>"; };
		81039EF02A9FE3FC00B7F29C /* TopArticles.json */ = {isa = PBXFileReference; explicitFileType = text.json; path = TopArticles.json; sourceTree = "<group>"; };
		81039EF92AA0103200B7F29C /* StoreTopArticles.swift */ = {isa = PBXFileReference; lastKnownFileType = sourcecode.swift; path = StoreTopArticles.swift; sourceTree = "<group>"; };
		81039EFC2AA0111C00B7F29C /* LoadingState.swift */ = {isa = PBXFileReference; lastKnownFileType = sourcecode.swift; path = LoadingState.swift; sourceTree = "<group>"; };
		811D8A292AA0A56800FDFBA5 /* ArticlesIdentifiableModel.swift */ = {isa = PBXFileReference; lastKnownFileType = sourcecode.swift; path = ArticlesIdentifiableModel.swift; sourceTree = "<group>"; };
		8120FBEF2A9F662F0016F335 /* RedactAndShimerView.swift */ = {isa = PBXFileReference; lastKnownFileType = sourcecode.swift; path = RedactAndShimerView.swift; sourceTree = "<group>"; };
		8120FBF12A9F66F10016F335 /* Shimmer.swift */ = {isa = PBXFileReference; lastKnownFileType = sourcecode.swift; path = Shimmer.swift; sourceTree = "<group>"; };
		8120FBF32A9F67540016F335 /* PlaceHolders.swift */ = {isa = PBXFileReference; lastKnownFileType = sourcecode.swift; path = PlaceHolders.swift; sourceTree = "<group>"; };
		8120FBF52A9F6B600016F335 /* RowToCategories.swift */ = {isa = PBXFileReference; lastKnownFileType = sourcecode.swift; path = RowToCategories.swift; sourceTree = "<group>"; };
		81AF12292A9E0610007DE143 /* FontWithLineHeight.swift */ = {isa = PBXFileReference; lastKnownFileType = sourcecode.swift; path = FontWithLineHeight.swift; sourceTree = "<group>"; };
		81AF122E2A9E172C007DE143 /* listCategoriesMock.swift */ = {isa = PBXFileReference; lastKnownFileType = sourcecode.swift; path = listCategoriesMock.swift; sourceTree = "<group>"; };
		81AF12302A9E1851007DE143 /* Constants.swift */ = {isa = PBXFileReference; lastKnownFileType = sourcecode.swift; path = Constants.swift; sourceTree = "<group>"; };
		81AF12322A9E1918007DE143 /* ExploreModel.swift */ = {isa = PBXFileReference; lastKnownFileType = sourcecode.swift; path = ExploreModel.swift; sourceTree = "<group>"; };
		81B7AE772A9E022500B4AC9F /* RowToArticles.swift */ = {isa = PBXFileReference; lastKnownFileType = sourcecode.swift; path = RowToArticles.swift; sourceTree = "<group>"; };
		81C067A62A9D3BC100869C68 /* News Cools.app */ = {isa = PBXFileReference; explicitFileType = wrapper.application; includeInIndex = 0; path = "News Cools.app"; sourceTree = BUILT_PRODUCTS_DIR; };
		81C067A92A9D3BC100869C68 /* News_CoolsApp.swift */ = {isa = PBXFileReference; lastKnownFileType = sourcecode.swift; path = News_CoolsApp.swift; sourceTree = "<group>"; };
		81C067AB2A9D3BC100869C68 /* HomeScreen.swift */ = {isa = PBXFileReference; lastKnownFileType = sourcecode.swift; path = HomeScreen.swift; sourceTree = "<group>"; };
		81C067AD2A9D3BC200869C68 /* Assets.xcassets */ = {isa = PBXFileReference; lastKnownFileType = folder.assetcatalog; path = Assets.xcassets; sourceTree = "<group>"; };
		81C067B02A9D3BC200869C68 /* Preview Assets.xcassets */ = {isa = PBXFileReference; lastKnownFileType = folder.assetcatalog; path = "Preview Assets.xcassets"; sourceTree = "<group>"; };
		81CA116D2A9D43DC00CBD092 /* Colors.swift */ = {isa = PBXFileReference; lastKnownFileType = sourcecode.swift; path = Colors.swift; sourceTree = "<group>"; };
		81CA11702A9D452600CBD092 /* Roboto-ThinItalic.ttf */ = {isa = PBXFileReference; lastKnownFileType = file; path = "Roboto-ThinItalic.ttf"; sourceTree = "<group>"; };
		81CA11712A9D452600CBD092 /* Roboto-Light.ttf */ = {isa = PBXFileReference; lastKnownFileType = file; path = "Roboto-Light.ttf"; sourceTree = "<group>"; };
		81CA11722A9D452600CBD092 /* Roboto-Bold.ttf */ = {isa = PBXFileReference; lastKnownFileType = file; path = "Roboto-Bold.ttf"; sourceTree = "<group>"; };
		81CA11732A9D452600CBD092 /* Roboto-Italic.ttf */ = {isa = PBXFileReference; lastKnownFileType = file; path = "Roboto-Italic.ttf"; sourceTree = "<group>"; };
		81CA11742A9D452600CBD092 /* Roboto-Black.ttf */ = {isa = PBXFileReference; lastKnownFileType = file; path = "Roboto-Black.ttf"; sourceTree = "<group>"; };
		81CA11752A9D452600CBD092 /* Roboto-BoldItalic.ttf */ = {isa = PBXFileReference; lastKnownFileType = file; path = "Roboto-BoldItalic.ttf"; sourceTree = "<group>"; };
		81CA11762A9D452600CBD092 /* Roboto-BlackItalic.ttf */ = {isa = PBXFileReference; lastKnownFileType = file; path = "Roboto-BlackItalic.ttf"; sourceTree = "<group>"; };
		81CA11772A9D452600CBD092 /* Roboto-LightItalic.ttf */ = {isa = PBXFileReference; lastKnownFileType = file; path = "Roboto-LightItalic.ttf"; sourceTree = "<group>"; };
		81CA11782A9D452600CBD092 /* Roboto-Medium.ttf */ = {isa = PBXFileReference; lastKnownFileType = file; path = "Roboto-Medium.ttf"; sourceTree = "<group>"; };
		81CA11792A9D452600CBD092 /* Roboto-MediumItalic.ttf */ = {isa = PBXFileReference; lastKnownFileType = file; path = "Roboto-MediumItalic.ttf"; sourceTree = "<group>"; };
		81CA117A2A9D452600CBD092 /* Roboto-Regular.ttf */ = {isa = PBXFileReference; lastKnownFileType = file; path = "Roboto-Regular.ttf"; sourceTree = "<group>"; };
		81CA117B2A9D452600CBD092 /* Roboto-Thin.ttf */ = {isa = PBXFileReference; lastKnownFileType = file; path = "Roboto-Thin.ttf"; sourceTree = "<group>"; };
		81CA11882A9D455C00CBD092 /* News-Cools-Info.plist */ = {isa = PBXFileReference; lastKnownFileType = text.plist; path = "News-Cools-Info.plist"; sourceTree = SOURCE_ROOT; };
		81CA11892A9D45DD00CBD092 /* Fonts.swift */ = {isa = PBXFileReference; lastKnownFileType = sourcecode.swift; path = Fonts.swift; sourceTree = "<group>"; };
		81CA118F2A9D49FF00CBD092 /* TopArticlesModel.swift */ = {isa = PBXFileReference; lastKnownFileType = sourcecode.swift; path = TopArticlesModel.swift; sourceTree = "<group>"; };
		81CA11922A9D4B2500CBD092 /* topArticlesMock.swift */ = {isa = PBXFileReference; lastKnownFileType = sourcecode.swift; path = topArticlesMock.swift; sourceTree = "<group>"; };
		81CAC3722AA208B8000B8C12 /* HttpClientFactory.swift */ = {isa = PBXFileReference; lastKnownFileType = sourcecode.swift; path = HttpClientFactory.swift; sourceTree = "<group>"; };
		81CAC37A2AA21653000B8C12 /* HttpProtocolMock.swift */ = {isa = PBXFileReference; lastKnownFileType = sourcecode.swift; path = HttpProtocolMock.swift; sourceTree = "<group>"; };
		81CAC37C2AA216D5000B8C12 /* Mockable.swift */ = {isa = PBXFileReference; lastKnownFileType = sourcecode.swift; path = Mockable.swift; sourceTree = "<group>"; };
		81CAC37E2AA21825000B8C12 /* HttpClientProtocol.swift */ = {isa = PBXFileReference; lastKnownFileType = sourcecode.swift; path = HttpClientProtocol.swift; sourceTree = "<group>"; };
		81CAC3812AA219EF000B8C12 /* TopArticlesServices.swift */ = {isa = PBXFileReference; lastKnownFileType = sourcecode.swift; path = TopArticlesServices.swift; sourceTree = "<group>"; };
/* End PBXFileReference section */

/* Begin PBXFrameworksBuildPhase section */
		81039EDC2A9FCFF600B7F29C /* Frameworks */ = {
			isa = PBXFrameworksBuildPhase;
			buildActionMask = 2147483647;
			files = (
			);
			runOnlyForDeploymentPostprocessing = 0;
		};
		81C067A32A9D3BC100869C68 /* Frameworks */ = {
			isa = PBXFrameworksBuildPhase;
			buildActionMask = 2147483647;
			files = (
			);
			runOnlyForDeploymentPostprocessing = 0;
		};
/* End PBXFrameworksBuildPhase section */

/* Begin PBXGroup section */
		81039EE02A9FCFF600B7F29C /* News Cools_UITests */ = {
			isa = PBXGroup;
			children = (
				81039EE12A9FCFF600B7F29C /* HomeScreen_UITests.swift */,
				81039EE32A9FCFF600B7F29C /* News_Cools_UITestsLaunchTests.swift */,
				81039EF02A9FE3FC00B7F29C /* TopArticles.json */,
				81CAC37A2AA21653000B8C12 /* HttpProtocolMock.swift */,
				81CAC37C2AA216D5000B8C12 /* Mockable.swift */,
			);
			path = "News Cools_UITests";
			sourceTree = "<group>";
		};
		81039EEB2A9FDD3B00B7F29C /* Services */ = {
			isa = PBXGroup;
			children = (
				81CAC37E2AA21825000B8C12 /* HttpClientProtocol.swift */,
				81039EEC2A9FDD5C00B7F29C /* HttpClient.swift */,
				81CAC3812AA219EF000B8C12 /* TopArticlesServices.swift */,
			);
			path = Services;
			sourceTree = "<group>";
		};
		81AF12272A9E055D007DE143 /* Extensions */ = {
			isa = PBXGroup;
			children = (
			);
			path = Extensions;
			sourceTree = "<group>";
		};
		81AF12282A9E05EF007DE143 /* Modifiers */ = {
			isa = PBXGroup;
			children = (
				81AF12292A9E0610007DE143 /* FontWithLineHeight.swift */,
				8120FBEF2A9F662F0016F335 /* RedactAndShimerView.swift */,
				8120FBF12A9F66F10016F335 /* Shimmer.swift */,
			);
			path = Modifiers;
			sourceTree = "<group>";
		};
		81AF122B2A9E16D8007DE143 /* Utility */ = {
			isa = PBXGroup;
			children = (
				81AF12302A9E1851007DE143 /* Constants.swift */,
				81039EFC2AA0111C00B7F29C /* LoadingState.swift */,
			);
			path = Utility;
			sourceTree = "<group>";
		};
		81C0679D2A9D3BC100869C68 = {
			isa = PBXGroup;
			children = (
				81C067A82A9D3BC100869C68 /* News Cools */,
				81039EE02A9FCFF600B7F29C /* News Cools_UITests */,
				81C067A72A9D3BC100869C68 /* Products */,
			);
			sourceTree = "<group>";
		};
		81C067A72A9D3BC100869C68 /* Products */ = {
			isa = PBXGroup;
			children = (
				81C067A62A9D3BC100869C68 /* News Cools.app */,
				81039EDF2A9FCFF600B7F29C /* News Cools_UITests.xctest */,
			);
			name = Products;
			sourceTree = "<group>";
		};
		81C067A82A9D3BC100869C68 /* News Cools */ = {
			isa = PBXGroup;
			children = (
				81CAC3712AA2089A000B8C12 /* Factories */,
				81039EEB2A9FDD3B00B7F29C /* Services */,
				81AF122B2A9E16D8007DE143 /* Utility */,
				81AF12282A9E05EF007DE143 /* Modifiers */,
				81AF12272A9E055D007DE143 /* Extensions */,
				81CA11912A9D4AF700CBD092 /* Mock */,
				81CA118E2A9D47D400CBD092 /* Store */,
				81CA118D2A9D47CC00CBD092 /* Views */,
				81CA118C2A9D47C600CBD092 /* Models */,
				81CA118B2A9D47AD00CBD092 /* Screens */,
				81CA116C2A9D43C500CBD092 /* Themes */,
				81C067A92A9D3BC100869C68 /* News_CoolsApp.swift */,
				81CA11882A9D455C00CBD092 /* News-Cools-Info.plist */,
				81C067AD2A9D3BC200869C68 /* Assets.xcassets */,
				81C067AF2A9D3BC200869C68 /* Preview Content */,
			);
			path = "News Cools";
			sourceTree = "<group>";
		};
		81C067AF2A9D3BC200869C68 /* Preview Content */ = {
			isa = PBXGroup;
			children = (
				81C067B02A9D3BC200869C68 /* Preview Assets.xcassets */,
			);
			path = "Preview Content";
			sourceTree = "<group>";
		};
		81CA116C2A9D43C500CBD092 /* Themes */ = {
			isa = PBXGroup;
			children = (
				81CA116F2A9D44DE00CBD092 /* fonts */,
				81CA116D2A9D43DC00CBD092 /* Colors.swift */,
				81CA11892A9D45DD00CBD092 /* Fonts.swift */,
			);
			path = Themes;
			sourceTree = "<group>";
		};
		81CA116F2A9D44DE00CBD092 /* fonts */ = {
			isa = PBXGroup;
			children = (
				81CA11742A9D452600CBD092 /* Roboto-Black.ttf */,
				81CA11762A9D452600CBD092 /* Roboto-BlackItalic.ttf */,
				81CA11722A9D452600CBD092 /* Roboto-Bold.ttf */,
				81CA11752A9D452600CBD092 /* Roboto-BoldItalic.ttf */,
				81CA11732A9D452600CBD092 /* Roboto-Italic.ttf */,
				81CA11712A9D452600CBD092 /* Roboto-Light.ttf */,
				81CA11772A9D452600CBD092 /* Roboto-LightItalic.ttf */,
				81CA11782A9D452600CBD092 /* Roboto-Medium.ttf */,
				81CA11792A9D452600CBD092 /* Roboto-MediumItalic.ttf */,
				81CA117A2A9D452600CBD092 /* Roboto-Regular.ttf */,
				81CA117B2A9D452600CBD092 /* Roboto-Thin.ttf */,
				81CA11702A9D452600CBD092 /* Roboto-ThinItalic.ttf */,
			);
			path = fonts;
			sourceTree = "<group>";
		};
		81CA118B2A9D47AD00CBD092 /* Screens */ = {
			isa = PBXGroup;
			children = (
				81C067AB2A9D3BC100869C68 /* HomeScreen.swift */,
			);
			path = Screens;
			sourceTree = "<group>";
		};
		81CA118C2A9D47C600CBD092 /* Models */ = {
			isa = PBXGroup;
			children = (
				81CA118F2A9D49FF00CBD092 /* TopArticlesModel.swift */,
				81AF12322A9E1918007DE143 /* ExploreModel.swift */,
				811D8A292AA0A56800FDFBA5 /* ArticlesIdentifiableModel.swift */,
			);
			path = Models;
			sourceTree = "<group>";
		};
		81CA118D2A9D47CC00CBD092 /* Views */ = {
			isa = PBXGroup;
			children = (
				81B7AE772A9E022500B4AC9F /* RowToArticles.swift */,
				8120FBF32A9F67540016F335 /* PlaceHolders.swift */,
				8120FBF52A9F6B600016F335 /* RowToCategories.swift */,
			);
			path = Views;
			sourceTree = "<group>";
		};
		81CA118E2A9D47D400CBD092 /* Store */ = {
			isa = PBXGroup;
			children = (
				81039EF92AA0103200B7F29C /* StoreTopArticles.swift */,
			);
			path = Store;
			sourceTree = "<group>";
		};
		81CA11912A9D4AF700CBD092 /* Mock */ = {
			isa = PBXGroup;
			children = (
				81CA11922A9D4B2500CBD092 /* topArticlesMock.swift */,
				81AF122E2A9E172C007DE143 /* listCategoriesMock.swift */,
			);
			path = Mock;
			sourceTree = "<group>";
		};
		81CAC3712AA2089A000B8C12 /* Factories */ = {
			isa = PBXGroup;
			children = (
				81CAC3722AA208B8000B8C12 /* HttpClientFactory.swift */,
			);
			path = Factories;
			sourceTree = "<group>";
		};
/* End PBXGroup section */

/* Begin PBXNativeTarget section */
		81039EDE2A9FCFF600B7F29C /* News Cools_UITests */ = {
			isa = PBXNativeTarget;
			buildConfigurationList = 81039EE72A9FCFF600B7F29C /* Build configuration list for PBXNativeTarget "News Cools_UITests" */;
			buildPhases = (
				81039EDB2A9FCFF600B7F29C /* Sources */,
				81039EDC2A9FCFF600B7F29C /* Frameworks */,
				81039EDD2A9FCFF600B7F29C /* Resources */,
			);
			buildRules = (
			);
			dependencies = (
				81039EE62A9FCFF600B7F29C /* PBXTargetDependency */,
			);
			name = "News Cools_UITests";
			productName = "News Cools_UITests";
			productReference = 81039EDF2A9FCFF600B7F29C /* News Cools_UITests.xctest */;
			productType = "com.apple.product-type.bundle.ui-testing";
		};
		81C067A52A9D3BC100869C68 /* News Cools */ = {
			isa = PBXNativeTarget;
			buildConfigurationList = 81C067B42A9D3BC200869C68 /* Build configuration list for PBXNativeTarget "News Cools" */;
			buildPhases = (
				81C067A22A9D3BC100869C68 /* Sources */,
				81C067A32A9D3BC100869C68 /* Frameworks */,
				81C067A42A9D3BC100869C68 /* Resources */,
				81CA116A2A9D3F4B00CBD092 /* swfitLint */,
				81CA116B2A9D3F4E00CBD092 /* swiftFormat */,
			);
			buildRules = (
			);
			dependencies = (
			);
			name = "News Cools";
			packageProductDependencies = (
			);
			productName = "News Cools";
			productReference = 81C067A62A9D3BC100869C68 /* News Cools.app */;
			productType = "com.apple.product-type.application";
		};
/* End PBXNativeTarget section */

/* Begin PBXProject section */
		81C0679E2A9D3BC100869C68 /* Project object */ = {
			isa = PBXProject;
			attributes = {
				BuildIndependentTargetsInParallel = 1;
				LastSwiftUpdateCheck = 1430;
				LastUpgradeCheck = 1430;
				TargetAttributes = {
					81039EDE2A9FCFF600B7F29C = {
						CreatedOnToolsVersion = 14.3.1;
						TestTargetID = 81C067A52A9D3BC100869C68;
					};
					81C067A52A9D3BC100869C68 = {
						CreatedOnToolsVersion = 14.3.1;
					};
				};
			};
			buildConfigurationList = 81C067A12A9D3BC100869C68 /* Build configuration list for PBXProject "News Cools" */;
			compatibilityVersion = "Xcode 14.0";
			developmentRegion = en;
			hasScannedForEncodings = 0;
			knownRegions = (
				en,
				Base,
			);
			mainGroup = 81C0679D2A9D3BC100869C68;
			packageReferences = (
			);
			productRefGroup = 81C067A72A9D3BC100869C68 /* Products */;
			projectDirPath = "";
			projectRoot = "";
			targets = (
				81C067A52A9D3BC100869C68 /* News Cools */,
				81039EDE2A9FCFF600B7F29C /* News Cools_UITests */,
			);
		};
/* End PBXProject section */

/* Begin PBXResourcesBuildPhase section */
		81039EDD2A9FCFF600B7F29C /* Resources */ = {
			isa = PBXResourcesBuildPhase;
			buildActionMask = 2147483647;
			files = (
				81039EF12A9FE3FC00B7F29C /* TopArticles.json in Resources */,
			);
			runOnlyForDeploymentPostprocessing = 0;
		};
		81C067A42A9D3BC100869C68 /* Resources */ = {
			isa = PBXResourcesBuildPhase;
			buildActionMask = 2147483647;
			files = (
				81CA11872A9D452600CBD092 /* Roboto-Thin.ttf in Resources */,
				81CA117C2A9D452600CBD092 /* Roboto-ThinItalic.ttf in Resources */,
				81CA117F2A9D452600CBD092 /* Roboto-Italic.ttf in Resources */,
				81CA11832A9D452600CBD092 /* Roboto-LightItalic.ttf in Resources */,
				81CA11812A9D452600CBD092 /* Roboto-BoldItalic.ttf in Resources */,
				81CA11852A9D452600CBD092 /* Roboto-MediumItalic.ttf in Resources */,
				81C067B12A9D3BC200869C68 /* Preview Assets.xcassets in Resources */,
				81CAC3772AA20B2A000B8C12 /* TopArticles.json in Resources */,
				81CA11822A9D452600CBD092 /* Roboto-BlackItalic.ttf in Resources */,
				81CA117E2A9D452600CBD092 /* Roboto-Bold.ttf in Resources */,
				81CA11802A9D452600CBD092 /* Roboto-Black.ttf in Resources */,
				81CA11842A9D452600CBD092 /* Roboto-Medium.ttf in Resources */,
				81CA11862A9D452600CBD092 /* Roboto-Regular.ttf in Resources */,
				81CA117D2A9D452600CBD092 /* Roboto-Light.ttf in Resources */,
				81C067AE2A9D3BC200869C68 /* Assets.xcassets in Resources */,
			);
			runOnlyForDeploymentPostprocessing = 0;
		};
/* End PBXResourcesBuildPhase section */

/* Begin PBXShellScriptBuildPhase section */
		81CA116A2A9D3F4B00CBD092 /* swfitLint */ = {
			isa = PBXShellScriptBuildPhase;
			buildActionMask = 2147483647;
			files = (
			);
			inputFileListPaths = (
			);
			inputPaths = (
			);
			name = swfitLint;
			outputFileListPaths = (
			);
			outputPaths = (
			);
			runOnlyForDeploymentPostprocessing = 0;
			shellPath = /bin/sh;
			shellScript = "export PATH=\"/opt/homebrew/bin:$PATH\"\nif which swiftformat > /dev/null; then\n  swiftlint \nelse\n  echo \"warning: swiftlint not installed\"\nfi\n\n";
		};
		81CA116B2A9D3F4E00CBD092 /* swiftFormat */ = {
			isa = PBXShellScriptBuildPhase;
			buildActionMask = 2147483647;
			files = (
			);
			inputFileListPaths = (
			);
			inputPaths = (
			);
			name = swiftFormat;
			outputFileListPaths = (
			);
			outputPaths = (
			);
			runOnlyForDeploymentPostprocessing = 0;
			shellPath = /bin/sh;
			shellScript = "export PATH=\"/opt/homebrew/bin:$PATH\"\nif which swiftformat > /dev/null; then\n  swiftformat .\nelse\n  echo \"warning: SwiftFormat not installed, download from https://github.com/nicklockwood/SwiftFormat\"\nfi\n";
		};
/* End PBXShellScriptBuildPhase section */

/* Begin PBXSourcesBuildPhase section */
		81039EDB2A9FCFF600B7F29C /* Sources */ = {
			isa = PBXSourcesBuildPhase;
			buildActionMask = 2147483647;
			files = (
				81CAC37D2AA216D5000B8C12 /* Mockable.swift in Sources */,
				81039EFB2AA0103900B7F29C /* StoreTopArticles.swift in Sources */,
				81039EF62A9FF17C00B7F29C /* TopArticlesModel.swift in Sources */,
				81039EF72A9FF18300B7F29C /* HttpClient.swift in Sources */,
				81CAC37B2AA21653000B8C12 /* HttpProtocolMock.swift in Sources */,
				81CAC3802AA219C1000B8C12 /* HttpClientProtocol.swift in Sources */,
				81CAC3862AA21ECB000B8C12 /* TopArticlesServices.swift in Sources */,
				81039EE42A9FCFF600B7F29C /* News_Cools_UITestsLaunchTests.swift in Sources */,
				81CD133A2AA02337001F1855 /* LoadingState.swift in Sources */,
				81CAC3742AA208E4000B8C12 /* HttpClientFactory.swift in Sources */,
				811D8A2B2AA0AAA200FDFBA5 /* ArticlesIdentifiableModel.swift in Sources */,
				81039EE22A9FCFF600B7F29C /* HomeScreen_UITests.swift in Sources */,
			);
			runOnlyForDeploymentPostprocessing = 0;
		};
		81C067A22A9D3BC100869C68 /* Sources */ = {
			isa = PBXSourcesBuildPhase;
			buildActionMask = 2147483647;
			files = (
				811D8A2A2AA0A56800FDFBA5 /* ArticlesIdentifiableModel.swift in Sources */,
				8120FBF62A9F6B600016F335 /* RowToCategories.swift in Sources */,
				81CAC3832AA21B38000B8C12 /* HttpProtocolMock.swift in Sources */,
				81CA11902A9D49FF00CBD092 /* TopArticlesModel.swift in Sources */,
				81039EED2A9FDD5C00B7F29C /* HttpClient.swift in Sources */,
				81CA118A2A9D45DD00CBD092 /* Fonts.swift in Sources */,
				81B7AE782A9E022500B4AC9F /* RowToArticles.swift in Sources */,
				81CAC3842AA21B4F000B8C12 /* Mockable.swift in Sources */,
				81CAC3822AA219EF000B8C12 /* TopArticlesServices.swift in Sources */,
				81039EFA2AA0103200B7F29C /* StoreTopArticles.swift in Sources */,
				81AF122F2A9E172C007DE143 /* listCategoriesMock.swift in Sources */,
				81CA116E2A9D43DC00CBD092 /* Colors.swift in Sources */,
				8120FBF02A9F662F0016F335 /* RedactAndShimerView.swift in Sources */,
				81AF12312A9E1851007DE143 /* Constants.swift in Sources */,
				8120FBF42A9F67540016F335 /* PlaceHolders.swift in Sources */,
				81039EFD2AA0111C00B7F29C /* LoadingState.swift in Sources */,
				8120FBF22A9F66F10016F335 /* Shimmer.swift in Sources */,
				81C067AC2A9D3BC100869C68 /* HomeScreen.swift in Sources */,
				81CAC37F2AA21825000B8C12 /* HttpClientProtocol.swift in Sources */,
				81CAC3732AA208B8000B8C12 /* HttpClientFactory.swift in Sources */,
				81CA11932A9D4B2500CBD092 /* topArticlesMock.swift in Sources */,
				81C067AA2A9D3BC100869C68 /* News_CoolsApp.swift in Sources */,
				81AF122A2A9E0610007DE143 /* FontWithLineHeight.swift in Sources */,
				81AF12332A9E1918007DE143 /* ExploreModel.swift in Sources */,
			);
			runOnlyForDeploymentPostprocessing = 0;
		};
/* End PBXSourcesBuildPhase section */

/* Begin PBXTargetDependency section */
		81039EE62A9FCFF600B7F29C /* PBXTargetDependency */ = {
			isa = PBXTargetDependency;
			target = 81C067A52A9D3BC100869C68 /* News Cools */;
			targetProxy = 81039EE52A9FCFF600B7F29C /* PBXContainerItemProxy */;
		};
/* End PBXTargetDependency section */

/* Begin XCBuildConfiguration section */
		81039EE82A9FCFF600B7F29C /* Debug */ = {
			isa = XCBuildConfiguration;
			buildSettings = {
				CODE_SIGN_STYLE = Automatic;
				CURRENT_PROJECT_VERSION = 1;
				DEVELOPMENT_TEAM = 7LW2N5TNNW;
				GENERATE_INFOPLIST_FILE = YES;
				MARKETING_VERSION = 1.0;
				PRODUCT_BUNDLE_IDENTIFIER = "com.kvm.News-Cools-UITests";
				PRODUCT_NAME = "$(TARGET_NAME)";
				SWIFT_EMIT_LOC_STRINGS = NO;
				SWIFT_VERSION = 5.0;
				TARGETED_DEVICE_FAMILY = "1,2";
				TEST_TARGET_NAME = "News Cools";
			};
			name = Debug;
		};
		81039EE92A9FCFF600B7F29C /* Release */ = {
			isa = XCBuildConfiguration;
			buildSettings = {
				CODE_SIGN_STYLE = Automatic;
				CURRENT_PROJECT_VERSION = 1;
				DEVELOPMENT_TEAM = 7LW2N5TNNW;
				GENERATE_INFOPLIST_FILE = YES;
				MARKETING_VERSION = 1.0;
				PRODUCT_BUNDLE_IDENTIFIER = "com.kvm.News-Cools-UITests";
				PRODUCT_NAME = "$(TARGET_NAME)";
				SWIFT_EMIT_LOC_STRINGS = NO;
				SWIFT_VERSION = 5.0;
				TARGETED_DEVICE_FAMILY = "1,2";
				TEST_TARGET_NAME = "News Cools";
			};
			name = Release;
		};
		81C067B22A9D3BC200869C68 /* Debug */ = {
			isa = XCBuildConfiguration;
			buildSettings = {
				ALWAYS_SEARCH_USER_PATHS = NO;
				CLANG_ANALYZER_NONNULL = YES;
				CLANG_ANALYZER_NUMBER_OBJECT_CONVERSION = YES_AGGRESSIVE;
				CLANG_CXX_LANGUAGE_STANDARD = "gnu++20";
				CLANG_ENABLE_MODULES = YES;
				CLANG_ENABLE_OBJC_ARC = YES;
				CLANG_ENABLE_OBJC_WEAK = YES;
				CLANG_WARN_BLOCK_CAPTURE_AUTORELEASING = YES;
				CLANG_WARN_BOOL_CONVERSION = YES;
				CLANG_WARN_COMMA = YES;
				CLANG_WARN_CONSTANT_CONVERSION = YES;
				CLANG_WARN_DEPRECATED_OBJC_IMPLEMENTATIONS = YES;
				CLANG_WARN_DIRECT_OBJC_ISA_USAGE = YES_ERROR;
				CLANG_WARN_DOCUMENTATION_COMMENTS = YES;
				CLANG_WARN_EMPTY_BODY = YES;
				CLANG_WARN_ENUM_CONVERSION = YES;
				CLANG_WARN_INFINITE_RECURSION = YES;
				CLANG_WARN_INT_CONVERSION = YES;
				CLANG_WARN_NON_LITERAL_NULL_CONVERSION = YES;
				CLANG_WARN_OBJC_IMPLICIT_RETAIN_SELF = YES;
				CLANG_WARN_OBJC_LITERAL_CONVERSION = YES;
				CLANG_WARN_OBJC_ROOT_CLASS = YES_ERROR;
				CLANG_WARN_QUOTED_INCLUDE_IN_FRAMEWORK_HEADER = YES;
				CLANG_WARN_RANGE_LOOP_ANALYSIS = YES;
				CLANG_WARN_STRICT_PROTOTYPES = YES;
				CLANG_WARN_SUSPICIOUS_MOVE = YES;
				CLANG_WARN_UNGUARDED_AVAILABILITY = YES_AGGRESSIVE;
				CLANG_WARN_UNREACHABLE_CODE = YES;
				CLANG_WARN__DUPLICATE_METHOD_MATCH = YES;
				COPY_PHASE_STRIP = NO;
				DEBUG_INFORMATION_FORMAT = dwarf;
				ENABLE_STRICT_OBJC_MSGSEND = YES;
				ENABLE_TESTABILITY = YES;
				GCC_C_LANGUAGE_STANDARD = gnu11;
				GCC_DYNAMIC_NO_PIC = NO;
				GCC_NO_COMMON_BLOCKS = YES;
				GCC_OPTIMIZATION_LEVEL = 0;
				GCC_PREPROCESSOR_DEFINITIONS = (
					"DEBUG=1",
					"$(inherited)",
				);
				GCC_WARN_64_TO_32_BIT_CONVERSION = YES;
				GCC_WARN_ABOUT_RETURN_TYPE = YES_ERROR;
				GCC_WARN_UNDECLARED_SELECTOR = YES;
				GCC_WARN_UNINITIALIZED_AUTOS = YES_AGGRESSIVE;
				GCC_WARN_UNUSED_FUNCTION = YES;
				GCC_WARN_UNUSED_VARIABLE = YES;
				IPHONEOS_DEPLOYMENT_TARGET = 16.4;
				MTL_ENABLE_DEBUG_INFO = INCLUDE_SOURCE;
				MTL_FAST_MATH = YES;
				ONLY_ACTIVE_ARCH = YES;
				SDKROOT = iphoneos;
				SWIFT_ACTIVE_COMPILATION_CONDITIONS = DEBUG;
				SWIFT_OPTIMIZATION_LEVEL = "-Onone";
			};
			name = Debug;
		};
		81C067B32A9D3BC200869C68 /* Release */ = {
			isa = XCBuildConfiguration;
			buildSettings = {
				ALWAYS_SEARCH_USER_PATHS = NO;
				CLANG_ANALYZER_NONNULL = YES;
				CLANG_ANALYZER_NUMBER_OBJECT_CONVERSION = YES_AGGRESSIVE;
				CLANG_CXX_LANGUAGE_STANDARD = "gnu++20";
				CLANG_ENABLE_MODULES = YES;
				CLANG_ENABLE_OBJC_ARC = YES;
				CLANG_ENABLE_OBJC_WEAK = YES;
				CLANG_WARN_BLOCK_CAPTURE_AUTORELEASING = YES;
				CLANG_WARN_BOOL_CONVERSION = YES;
				CLANG_WARN_COMMA = YES;
				CLANG_WARN_CONSTANT_CONVERSION = YES;
				CLANG_WARN_DEPRECATED_OBJC_IMPLEMENTATIONS = YES;
				CLANG_WARN_DIRECT_OBJC_ISA_USAGE = YES_ERROR;
				CLANG_WARN_DOCUMENTATION_COMMENTS = YES;
				CLANG_WARN_EMPTY_BODY = YES;
				CLANG_WARN_ENUM_CONVERSION = YES;
				CLANG_WARN_INFINITE_RECURSION = YES;
				CLANG_WARN_INT_CONVERSION = YES;
				CLANG_WARN_NON_LITERAL_NULL_CONVERSION = YES;
				CLANG_WARN_OBJC_IMPLICIT_RETAIN_SELF = YES;
				CLANG_WARN_OBJC_LITERAL_CONVERSION = YES;
				CLANG_WARN_OBJC_ROOT_CLASS = YES_ERROR;
				CLANG_WARN_QUOTED_INCLUDE_IN_FRAMEWORK_HEADER = YES;
				CLANG_WARN_RANGE_LOOP_ANALYSIS = YES;
				CLANG_WARN_STRICT_PROTOTYPES = YES;
				CLANG_WARN_SUSPICIOUS_MOVE = YES;
				CLANG_WARN_UNGUARDED_AVAILABILITY = YES_AGGRESSIVE;
				CLANG_WARN_UNREACHABLE_CODE = YES;
				CLANG_WARN__DUPLICATE_METHOD_MATCH = YES;
				COPY_PHASE_STRIP = NO;
				DEBUG_INFORMATION_FORMAT = "dwarf-with-dsym";
				ENABLE_NS_ASSERTIONS = NO;
				ENABLE_STRICT_OBJC_MSGSEND = YES;
				GCC_C_LANGUAGE_STANDARD = gnu11;
				GCC_NO_COMMON_BLOCKS = YES;
				GCC_WARN_64_TO_32_BIT_CONVERSION = YES;
				GCC_WARN_ABOUT_RETURN_TYPE = YES_ERROR;
				GCC_WARN_UNDECLARED_SELECTOR = YES;
				GCC_WARN_UNINITIALIZED_AUTOS = YES_AGGRESSIVE;
				GCC_WARN_UNUSED_FUNCTION = YES;
				GCC_WARN_UNUSED_VARIABLE = YES;
				IPHONEOS_DEPLOYMENT_TARGET = 16.4;
				MTL_ENABLE_DEBUG_INFO = NO;
				MTL_FAST_MATH = YES;
				SDKROOT = iphoneos;
				SWIFT_COMPILATION_MODE = wholemodule;
				SWIFT_OPTIMIZATION_LEVEL = "-O";
				VALIDATE_PRODUCT = YES;
			};
			name = Release;
		};
		81C067B52A9D3BC200869C68 /* Debug */ = {
			isa = XCBuildConfiguration;
			buildSettings = {
				ASSETCATALOG_COMPILER_APPICON_NAME = AppIcon;
				ASSETCATALOG_COMPILER_GLOBAL_ACCENT_COLOR_NAME = AccentColor;
				CODE_SIGN_STYLE = Automatic;
				CURRENT_PROJECT_VERSION = 1;
				DEVELOPMENT_ASSET_PATHS = "\"News Cools/Preview Content\"";
				DEVELOPMENT_TEAM = 7LW2N5TNNW;
				ENABLE_PREVIEWS = YES;
				GENERATE_INFOPLIST_FILE = YES;
				INFOPLIST_FILE = "News-Cools-Info.plist";
				INFOPLIST_KEY_UIApplicationSceneManifest_Generation = YES;
				INFOPLIST_KEY_UIApplicationSupportsIndirectInputEvents = YES;
				INFOPLIST_KEY_UILaunchScreen_Generation = YES;
				INFOPLIST_KEY_UISupportedInterfaceOrientations_iPad = "UIInterfaceOrientationPortrait UIInterfaceOrientationPortraitUpsideDown UIInterfaceOrientationLandscapeLeft UIInterfaceOrientationLandscapeRight";
				INFOPLIST_KEY_UISupportedInterfaceOrientations_iPhone = "UIInterfaceOrientationPortrait UIInterfaceOrientationLandscapeLeft UIInterfaceOrientationLandscapeRight";
				LD_RUNPATH_SEARCH_PATHS = (
					"$(inherited)",
					"@executable_path/Frameworks",
				);
				MARKETING_VERSION = 1.0;
				NEW_SETTING = "";
				PRODUCT_BUNDLE_IDENTIFIER = "com.kvm.News-Cools";
				PRODUCT_NAME = "$(TARGET_NAME)";
				SWIFT_EMIT_LOC_STRINGS = YES;
				SWIFT_VERSION = 5.0;
				TARGETED_DEVICE_FAMILY = "1,2";
			};
			name = Debug;
		};
		81C067B62A9D3BC200869C68 /* Release */ = {
			isa = XCBuildConfiguration;
			buildSettings = {
				ASSETCATALOG_COMPILER_APPICON_NAME = AppIcon;
				ASSETCATALOG_COMPILER_GLOBAL_ACCENT_COLOR_NAME = AccentColor;
				CODE_SIGN_STYLE = Automatic;
				CURRENT_PROJECT_VERSION = 1;
				DEVELOPMENT_ASSET_PATHS = "\"News Cools/Preview Content\"";
				DEVELOPMENT_TEAM = 7LW2N5TNNW;
				ENABLE_PREVIEWS = YES;
				GENERATE_INFOPLIST_FILE = YES;
				INFOPLIST_FILE = "News-Cools-Info.plist";
				INFOPLIST_KEY_UIApplicationSceneManifest_Generation = YES;
				INFOPLIST_KEY_UIApplicationSupportsIndirectInputEvents = YES;
				INFOPLIST_KEY_UILaunchScreen_Generation = YES;
				INFOPLIST_KEY_UISupportedInterfaceOrientations_iPad = "UIInterfaceOrientationPortrait UIInterfaceOrientationPortraitUpsideDown UIInterfaceOrientationLandscapeLeft UIInterfaceOrientationLandscapeRight";
				INFOPLIST_KEY_UISupportedInterfaceOrientations_iPhone = "UIInterfaceOrientationPortrait UIInterfaceOrientationLandscapeLeft UIInterfaceOrientationLandscapeRight";
				LD_RUNPATH_SEARCH_PATHS = (
					"$(inherited)",
					"@executable_path/Frameworks",
				);
				MARKETING_VERSION = 1.0;
				NEW_SETTING = "";
				PRODUCT_BUNDLE_IDENTIFIER = "com.kvm.News-Cools";
				PRODUCT_NAME = "$(TARGET_NAME)";
				SWIFT_EMIT_LOC_STRINGS = YES;
				SWIFT_VERSION = 5.0;
				TARGETED_DEVICE_FAMILY = "1,2";
			};
			name = Release;
		};
/* End XCBuildConfiguration section */

/* Begin XCConfigurationList section */
		81039EE72A9FCFF600B7F29C /* Build configuration list for PBXNativeTarget "News Cools_UITests" */ = {
			isa = XCConfigurationList;
			buildConfigurations = (
				81039EE82A9FCFF600B7F29C /* Debug */,
				81039EE92A9FCFF600B7F29C /* Release */,
			);
			defaultConfigurationIsVisible = 0;
			defaultConfigurationName = Release;
		};
		81C067A12A9D3BC100869C68 /* Build configuration list for PBXProject "News Cools" */ = {
			isa = XCConfigurationList;
			buildConfigurations = (
				81C067B22A9D3BC200869C68 /* Debug */,
				81C067B32A9D3BC200869C68 /* Release */,
			);
			defaultConfigurationIsVisible = 0;
			defaultConfigurationName = Release;
		};
		81C067B42A9D3BC200869C68 /* Build configuration list for PBXNativeTarget "News Cools" */ = {
			isa = XCConfigurationList;
			buildConfigurations = (
				81C067B52A9D3BC200869C68 /* Debug */,
				81C067B62A9D3BC200869C68 /* Release */,
			);
			defaultConfigurationIsVisible = 0;
			defaultConfigurationName = Release;
		};
/* End XCConfigurationList section */
	};
	rootObject = 81C0679E2A9D3BC100869C68 /* Project object */;
}
